
Microsoft Visual Studio Solution File, Format Version 12.00
# Visual Studio 2013
VisualStudioVersion = 12.0.21005.1
MinimumVisualStudioVersion = 10.0.40219.1
Project("{FAE04EC0-301F-11D3-BF4B-00C04F79EFBC}") = "01.PlayWithTrees", "PlayWithTrees\01.PlayWithTrees.csproj", "{C6958483-766D-4FD1-9EF1-E84A6E2E1AFF}"
EndProject
Global
	GlobalSection(SolutionConfigurationPlatforms) = preSolution
		Debug|Any CPU = Debug|Any CPU
		Release|Any CPU = Release|Any CPU
	EndGlobalSection
	GlobalSection(ProjectConfigurationPlatforms) = postSolution
		{C6958483-766D-4FD1-9EF1-E84A6E2E1AFF}.Debug|Any CPU.ActiveCfg = Debug|Any CPU
		{C6958483-766D-4FD1-9EF1-E84A6E2E1AFF}.Debug|Any CPU.Build.0 = Debug|Any CPU
		{C6958483-766D-4FD1-9EF1-E84A6E2E1AFF}.Release|Any CPU.ActiveCfg = Release|Any CPU
		{C6958483-766D-4FD1-9EF1-E84A6E2E1AFF}.Release|Any CPU.Build.0 = Release|Any CPU
	EndGlobalSection
	GlobalSection(SolutionProperties) = preSolution
		HideSolutionNode = FALSE
	EndGlobalSection
EndGlobal
